{
  "name": "sojourn-server",
  "version": "0.0.1",
  "lockfileVersion": 1,
  "requires": true,
  "dependencies": {
    "@types/body-parser": {
      "version": "1.16.8",
      "resolved": "https://registry.npmjs.org/@types/body-parser/-/body-parser-1.16.8.tgz",
      "integrity": "sha512-BdN2PXxOFnTXFcyONPW6t0fHjz2fvRZHVMFpaS0wYr+Y8fWEaNOs4V8LEu/fpzQlMx+ahdndgTaGTwPC+J/EeA==",
      "dev": true,
      "requires": {
        "@types/express": "4.0.39",
        "@types/node": "8.0.53"
      }
    },
    "@types/cors": {
      "version": "2.8.3",
      "resolved": "https://registry.npmjs.org/@types/cors/-/cors-2.8.3.tgz",
      "integrity": "sha512-wiZ7yYSIKZ005QJeyoUk5OHHEamNHTxaYwaFQWfTPohBjyhgIDHTgV8oGn+zBYTWQCb9WQYg54PhtntFTD7GVg==",
      "dev": true,
      "requires": {
        "@types/express": "4.0.39"
      }
    },
    "@types/express": {
      "version": "4.0.39",
      "resolved": "https://registry.npmjs.org/@types/express/-/express-4.0.39.tgz",
      "integrity": "sha512-dBUam7jEjyuEofigUXCtublUHknRZvcRgITlGsTbFgPvnTwtQUt2NgLakbsf+PsGo/Nupqr3IXCYsOpBpofyrA==",
      "dev": true,
      "requires": {
        "@types/body-parser": "1.16.8",
        "@types/express-serve-static-core": "4.0.56",
        "@types/serve-static": "1.13.1"
      }
    },
    "@types/express-serve-static-core": {
      "version": "4.0.56",
      "resolved": "https://registry.npmjs.org/@types/express-serve-static-core/-/express-serve-static-core-4.0.56.tgz",
      "integrity": "sha512-/0nwIzF1Bd4KGwW4lhDZYi5StmCZG1DIXXMfQ/zjORzlm4+F1eRA4c6yJQrt4hqX//TDtPULpSlYwmSNyCMeMg==",
      "dev": true,
      "requires": {
        "@types/node": "8.0.53"
      }
    },
    "@types/graphql": {
      "version": "0.11.6",
      "resolved": "https://registry.npmjs.org/@types/graphql/-/graphql-0.11.6.tgz",
      "integrity": "sha512-7o0FPK9QUZvFaR9h5Qd2uLyk6VdS3Z4cJNIjkxO55FLndW8zWd3DlPR2owdKwgnSJFELj5mY0U4zmU9fj6Zowg==",
      "dev": true
    },
    "@types/graphql-type-json": {
      "version": "0.1.2",
      "resolved": "https://registry.npmjs.org/@types/graphql-type-json/-/graphql-type-json-0.1.2.tgz",
      "integrity": "sha512-2c8/x838/jX89Hi/uzgeVBN8n4JGSvlWNZJRJ7lo1qeDj2zLCMZSGejOMpdBs9+KB4ja3tPWGQaGkQ6P5N5Etw==",
      "dev": true,
      "requires": {
        "@types/graphql": "0.11.6"
      }
    },
    "@types/lodash": {
      "version": "4.14.85",
      "resolved": "https://registry.npmjs.org/@types/lodash/-/lodash-4.14.85.tgz",
      "integrity": "sha512-HrZiwDl62if0z31+rB99CLlg7WzS7b+KmyW75XAHEl/ZG0De2ACo6skZ89Zh3jOWkjKObN0Apq3MUezg7u9NKQ==",
      "dev": true
    },
    "@types/lodash.filter": {
      "version": "4.6.3",
      "resolved": "https://registry.npmjs.org/@types/lodash.filter/-/lodash.filter-4.6.3.tgz",
      "integrity": "sha512-A6b9dUars/jTQo5Z1fBbH1G1kDfhJo09vEdwODIlfHQEZCjWFIG+9CpypYv+kr1CeDIrSDqGTT3ij3IpSe9+bw==",
      "dev": true,
      "requires": {
        "@types/lodash": "4.14.85"
      }
    },
    "@types/lodash.find": {
      "version": "4.6.3",
      "resolved": "https://registry.npmjs.org/@types/lodash.find/-/lodash.find-4.6.3.tgz",
      "integrity": "sha512-U4gjNnpUB4jOMDpLDeISQdDgMIa8axNqlb/lgT+/ppjlwdYIxJ0kVnXVEFXoEC9Ql5ob6FmfdOM+dDzDtt84qg==",
      "dev": true,
      "requires": {
        "@types/lodash": "4.14.85"
      }
    },
    "@types/mime": {
      "version": "2.0.0",
      "resolved": "https://registry.npmjs.org/@types/mime/-/mime-2.0.0.tgz",
      "integrity": "sha512-A2TAGbTFdBw9azHbpVd+/FkdW2T6msN1uct1O9bH3vTerEHKZhTXJUQXy+hNq1B0RagfU8U+KBdqiZpxjhOUQA==",
      "dev": true
    },
    "@types/node": {
      "version": "8.0.53",
      "resolved": "https://registry.npmjs.org/@types/node/-/node-8.0.53.tgz",
      "integrity": "sha512-54Dm6NwYeiSQmRB1BLXKr5GELi0wFapR1npi8bnZhEcu84d/yQKqnwwXQ56hZ0RUbTG6L5nqDZaN3dgByQXQRQ==",
      "dev": true
    },
    "@types/serve-static": {
      "version": "1.13.1",
      "resolved": "https://registry.npmjs.org/@types/serve-static/-/serve-static-1.13.1.tgz",
      "integrity": "sha512-jDMH+3BQPtvqZVIcsH700Dfi8Q3MIcEx16g/VdxjoqiGR/NntekB10xdBpirMKnPe9z2C5cBmL0vte0YttOr3Q==",
      "dev": true,
      "requires": {
        "@types/express-serve-static-core": "4.0.56",
        "@types/mime": "2.0.0"
      }
    },
    "@types/uuid": {
      "version": "3.4.3",
      "resolved": "https://registry.npmjs.org/@types/uuid/-/uuid-3.4.3.tgz",
      "integrity": "sha512-5fRLCYhLtDb3hMWqQyH10qtF+Ud2JnNCXTCZ+9ktNdCcgslcuXkDTkFcJNk++MT29yDntDnlF1+jD+uVGumsbw==",
      "dev": true,
      "requires": {
        "@types/node": "8.0.53"
      }
    }
  }
}
